<?xml version="1.0" encoding="utf-8"?>
<Project ToolsVersion="4.0" xmlns="http://schemas.microsoft.com/developer/msbuild/2003">
  <ItemGroup>
    <Filter Include="Source Files">
      <UniqueIdentifier>{4FC737F1-C7A5-4376-A066-2A32D752A2FF}</UniqueIdentifier>
      <Extensions>cpp;c;cc;cxx;def;odl;idl;hpj;bat;asm;asmx</Extensions>
    </Filter>
    <Filter Include="Header Files">
      <UniqueIdentifier>{93995380-89BD-4b04-88EB-625FBE52EBFB}</UniqueIdentifier>
      <Extensions>h;hh;hpp;hxx;hm;inl;inc;xsd</Extensions>
    </Filter>
    <Filter Include="Resource Files">
      <UniqueIdentifier>{67DA6AB6-F800-4c08-8B7A-83BB121AAD01}</UniqueIdentifier>
      <Extensions>rc;ico;cur;bmp;dlg;rc2;rct;bin;rgs;gif;jpg;jpeg;jpe;resx;tiff;tif;png;wav;mfcribbon-ms</Extensions>
    </Filter>
    <Filter Include="Source Files\Demos">
      <UniqueIdentifier>{97274669-c12c-4328-a7e3-3cba436069c6}</UniqueIdentifier>
    </Filter>
    <Filter Include="Header Files\2DGame">
      <UniqueIdentifier>{e1a124b8-1a25-44db-a90e-7ec9eaf41f07}</UniqueIdentifier>
    </Filter>
    <Filter Include="Source Files\2DGame">
      <UniqueIdentifier>{513587c8-df5b-4978-9b32-b5b46f51d3b6}</UniqueIdentifier>
    </Filter>
    <Filter Include="Source Files\Demos\2D Demos">
      <UniqueIdentifier>{467268b8-8ad1-4dc0-b862-5d5503841ed4}</UniqueIdentifier>
    </Filter>
  </ItemGroup>
  <ItemGroup>
    <ClInclude Include="D3DUtil.h">
      <Filter>Header Files</Filter>
    </ClInclude>
    <ClInclude Include="GameTimer.h">
      <Filter>Header Files</Filter>
    </ClInclude>
    <ClInclude Include="Logfile.h">
      <Filter>Header Files</Filter>
    </ClInclude>
    <ClInclude Include="Engine.h">
      <Filter>Header Files</Filter>
    </ClInclude>
    <ClInclude Include="Vertex.h">
      <Filter>Header Files</Filter>
    </ClInclude>
    <ClInclude Include="Effect.h">
      <Filter>Header Files</Filter>
    </ClInclude>
    <ClInclude Include="TextureMgr.h">
      <Filter>Header Files</Filter>
    </ClInclude>
    <ClInclude Include="Input.h">
      <Filter>Header Files</Filter>
    </ClInclude>
    <ClInclude Include="XBoxPad.h">
      <Filter>Header Files</Filter>
    </ClInclude>
    <ClInclude Include="Event.h">
      <Filter>Header Files</Filter>
    </ClInclude>
    <ClInclude Include="SoundLayer.h">
      <Filter>Header Files</Filter>
    </ClInclude>
    <ClInclude Include="Sound.h">
      <Filter>Header Files</Filter>
    </ClInclude>
    <ClInclude Include="AudioMgr.h">
      <Filter>Header Files</Filter>
    </ClInclude>
    <ClInclude Include="Sprite.h">
      <Filter>Header Files</Filter>
    </ClInclude>
    <ClInclude Include="Font.h">
      <Filter>Header Files</Filter>
    </ClInclude>
    <ClInclude Include="Moving2DObject.h">
      <Filter>Header Files\2DGame</Filter>
    </ClInclude>
    <ClInclude Include="DeanyP.h">
      <Filter>Header Files\2DGame</Filter>
    </ClInclude>
    <ClInclude Include="Map.h">
      <Filter>Header Files\2DGame</Filter>
    </ClInclude>
    <ClInclude Include="Camera2D.h">
      <Filter>Header Files\2DGame</Filter>
    </ClInclude>
    <ClInclude Include="AABB2D.h">
      <Filter>Header Files\2DGame</Filter>
    </ClInclude>
    <ClInclude Include="Collectable.h">
      <Filter>Header Files\2DGame</Filter>
    </ClInclude>
    <ClInclude Include="Fire.h">
      <Filter>Header Files\2DGame</Filter>
    </ClInclude>
    <ClInclude Include="Enemy.h">
      <Filter>Header Files\2DGame</Filter>
    </ClInclude>
    <ClInclude Include="ChemPlane.h">
      <Filter>Header Files\2DGame</Filter>
    </ClInclude>
    <ClInclude Include="Angel.h">
      <Filter>Header Files\2DGame</Filter>
    </ClInclude>
    <ClInclude Include="AntiVax.h">
      <Filter>Header Files\2DGame</Filter>
    </ClInclude>
  </ItemGroup>
  <ItemGroup>
    <ClCompile Include="GameTimer.cpp">
      <Filter>Source Files</Filter>
    </ClCompile>
    <ClCompile Include="Logfile.cpp">
      <Filter>Source Files</Filter>
    </ClCompile>
    <ClCompile Include="Engine.cpp">
      <Filter>Source Files</Filter>
    </ClCompile>
    <ClCompile Include="DemoTemplate.cpp">
      <Filter>Source Files\Demos</Filter>
    </ClCompile>
    <ClCompile Include="InitDemo.cpp">
      <Filter>Source Files\Demos</Filter>
    </ClCompile>
    <ClCompile Include="Vertex.cpp">
      <Filter>Source Files</Filter>
    </ClCompile>
    <ClCompile Include="Effect.cpp">
      <Filter>Source Files</Filter>
    </ClCompile>
    <ClCompile Include="TextureMgr.cpp">
      <Filter>Source Files</Filter>
    </ClCompile>
    <ClCompile Include="InitSpriteDemo.cpp">
      <Filter>Source Files\Demos</Filter>
    </ClCompile>
    <ClCompile Include="Input.cpp">
      <Filter>Source Files</Filter>
    </ClCompile>
    <ClCompile Include="XBoxPad.cpp">
      <Filter>Source Files</Filter>
    </ClCompile>
    <ClCompile Include="Event.cpp">
      <Filter>Source Files</Filter>
    </ClCompile>
    <ClCompile Include="InputAndEventsDemo.cpp">
      <Filter>Source Files\Demos</Filter>
    </ClCompile>
    <ClCompile Include="WavRead.cpp">
      <Filter>Source Files</Filter>
    </ClCompile>
    <ClCompile Include="SoundLayer.cpp">
      <Filter>Source Files</Filter>
    </ClCompile>
    <ClCompile Include="Sound.cpp">
      <Filter>Source Files</Filter>
    </ClCompile>
    <ClCompile Include="AudioMgr.cpp">
      <Filter>Source Files</Filter>
    </ClCompile>
    <ClCompile Include="AudioDemo.cpp">
      <Filter>Source Files\Demos</Filter>
    </ClCompile>
    <ClCompile Include="Sprite.cpp">
      <Filter>Source Files</Filter>
    </ClCompile>
    <ClCompile Include="AnimSpriteDemo.cpp">
      <Filter>Source Files\Demos</Filter>
    </ClCompile>
    <ClCompile Include="Font.cpp">
      <Filter>Source Files</Filter>
    </ClCompile>
    <ClCompile Include="FontDemo.cpp">
      <Filter>Source Files\Demos</Filter>
    </ClCompile>
    <ClCompile Include="Moving2DObject.cpp">
      <Filter>Source Files\2DGame</Filter>
    </ClCompile>
    <ClCompile Include="DeanyP.cpp">
      <Filter>Source Files\2DGame</Filter>
    </ClCompile>
    <ClCompile Include="GameAndCharStates.cpp">
      <Filter>Source Files\Demos\2D Demos</Filter>
    </ClCompile>
    <ClCompile Include="Map.cpp">
      <Filter>Source Files\2DGame</Filter>
    </ClCompile>
    <ClCompile Include="Camera2D.cpp">
      <Filter>Source Files\2DGame</Filter>
    </ClCompile>
    <ClCompile Include="MapAndCollisionDemo.cpp">
      <Filter>Source Files\Demos\2D Demos</Filter>
    </ClCompile>
    <ClCompile Include="Collectable.cpp">
      <Filter>Source Files\2DGame</Filter>
    </ClCompile>
    <ClCompile Include="Fire.cpp">
      <Filter>Source Files\2DGame</Filter>
    </ClCompile>
    <ClCompile Include="MechanicsAndHudDemo.cpp">
      <Filter>Source Files\Demos\2D Demos</Filter>
    </ClCompile>
    <ClCompile Include="ChemPlane.cpp">
      <Filter>Source Files\2DGame</Filter>
    </ClCompile>
    <ClCompile Include="Angel.cpp">
      <Filter>Source Files\2DGame</Filter>
    </ClCompile>
    <ClCompile Include="EnemiesDemo.cpp">
      <Filter>Source Files\Demos\2D Demos</Filter>
    </ClCompile>
    <ClCompile Include="AntiVax.cpp">
      <Filter>Source Files\2DGame</Filter>
    </ClCompile>
  </ItemGroup>
</Project>